// !$*UTF8*$!
{
	archiveVersion = 1;
	classes = {
	};
	objectVersion = 46;
	objects = {

/* Begin PBXBuildFile section */
		971395F01DFDC06A0072F961 /* AppDelegate.swift in Sources */ = {isa = PBXBuildFile; fileRef = 971395EF1DFDC06A0072F961 /* AppDelegate.swift */; };
		971395F21DFDC06A0072F961 /* ViewController.swift in Sources */ = {isa = PBXBuildFile; fileRef = 971395F11DFDC06A0072F961 /* ViewController.swift */; };
		971395F51DFDC06A0072F961 /* Main.storyboard in Resources */ = {isa = PBXBuildFile; fileRef = 971395F31DFDC06A0072F961 /* Main.storyboard */; };
		971395F81DFDC06A0072F961 /* DreamLister.xcdatamodeld in Sources */ = {isa = PBXBuildFile; fileRef = 971395F61DFDC06A0072F961 /* DreamLister.xcdatamodeld */; };
		971395FA1DFDC06A0072F961 /* Assets.xcassets in Resources */ = {isa = PBXBuildFile; fileRef = 971395F91DFDC06A0072F961 /* Assets.xcassets */; };
		971395FD1DFDC06A0072F961 /* LaunchScreen.storyboard in Resources */ = {isa = PBXBuildFile; fileRef = 971395FB1DFDC06A0072F961 /* LaunchScreen.storyboard */; };
/* End PBXBuildFile section */

/* Begin PBXFileReference section */
		971395EC1DFDC06A0072F961 /* DreamLister.app */ = {isa = PBXFileReference; explicitFileType = wrapper.application; includeInIndex = 0; path = DreamLister.app; sourceTree = BUILT_PRODUCTS_DIR; };
		971395EF1DFDC06A0072F961 /* AppDelegate.swift */ = {isa = PBXFileReference; lastKnownFileType = sourcecode.swift; path = AppDelegate.swift; sourceTree = "<group>"; };
		971395F11DFDC06A0072F961 /* ViewController.swift */ = {isa = PBXFileReference; lastKnownFileType = sourcecode.swift; path = ViewController.swift; sourceTree = "<group>"; };
		971395F41DFDC06A0072F961 /* Base */ = {isa = PBXFileReference; lastKnownFileType = file.storyboard; name = Base; path = Base.lproj/Main.storyboard; sourceTree = "<group>"; };
		971395F71DFDC06A0072F961 /* DreamLister.xcdatamodel */ = {isa = PBXFileReference; lastKnownFileType = wrapper.xcdatamodel; path = DreamLister.xcdatamodel; sourceTree = "<group>"; };
		971395F91DFDC06A0072F961 /* Assets.xcassets */ = {isa = PBXFileReference; lastKnownFileType = folder.assetcatalog; path = Assets.xcassets; sourceTree = "<group>"; };
		971395FC1DFDC06A0072F961 /* Base */ = {isa = PBXFileReference; lastKnownFileType = file.storyboard; name = Base; path = Base.lproj/LaunchScreen.storyboard; sourceTree = "<group>"; };
		971395FE1DFDC06A0072F961 /* Info.plist */ = {isa = PBXFileReference; lastKnownFileType = text.plist.xml; path = Info.plist; sourceTree = "<group>"; };
/* End PBXFileReference section */

/* Begin PBXFrameworksBuildPhase section */
		971395E91DFDC06A0072F961 /* Frameworks */ = {
			isa = PBXFrameworksBuildPhase;
			buildActionMask = 2147483647;
			files = (
			);
			runOnlyForDeploymentPostprocessing = 0;
		};
/* End PBXFrameworksBuildPhase section */

/* Begin PBXGroup section */
		971395E31DFDC06A0072F961 = {
			isa = PBXGroup;
			children = (
				971395EE1DFDC06A0072F961 /* DreamLister */,
				971395ED1DFDC06A0072F961 /* Products */,
			);
			sourceTree = "<group>";
		};
		971395ED1DFDC06A0072F961 /* Products */ = {
			isa = PBXGroup;
			children = (
				971395EC1DFDC06A0072F961 /* DreamLister.app */,
			);
			name = Products;
			sourceTree = "<group>";
		};
		971395EE1DFDC06A0072F961 /* DreamLister */ = {
			isa = PBXGroup;
			children = (
				971395EF1DFDC06A0072F961 /* AppDelegate.swift */,
				971395F11DFDC06A0072F961 /* ViewController.swift */,
				971395F31DFDC06A0072F961 /* Main.storyboard */,
				971395F91DFDC06A0072F961 /* Assets.xcassets */,
				971395FB1DFDC06A0072F961 /* LaunchScreen.storyboard */,
				971395FE1DFDC06A0072F961 /* Info.plist */,
				971395F61DFDC06A0072F961 /* DreamLister.xcdatamodeld */,
			);
			path = DreamLister;
			sourceTree = "<group>";
		};
/* End PBXGroup section */

/* Begin PBXNativeTarget section */
		971395EB1DFDC06A0072F961 /* DreamLister */ = {
			isa = PBXNativeTarget;
			buildConfigurationList = 971396011DFDC06A0072F961 /* Build configuration list for PBXNativeTarget "DreamLister" */;
			buildPhases = (
				971395E81DFDC06A0072F961 /* Sources */,
				971395E91DFDC06A0072F961 /* Frameworks */,
				971395EA1DFDC06A0072F961 /* Resources */,
			);
			buildRules = (
			);
			dependencies = (
			);
			name = DreamLister;
			productName = DreamLister;
			productReference = 971395EC1DFDC06A0072F961 /* DreamLister.app */;
			productType = "com.apple.product-type.application";
		};
/* End PBXNativeTarget section */

/* Begin PBXProject section */
		971395E41DFDC06A0072F961 /* Project object */ = {
			isa = PBXProject;
			attributes = {
				LastSwiftUpdateCheck = 0810;
				LastUpgradeCheck = 0810;
				ORGANIZATIONNAME = ioannisdaratzikis;
				TargetAttributes = {
					971395EB1DFDC06A0072F961 = {
						CreatedOnToolsVersion = 8.1;
						DevelopmentTeam = 3868R47FWS;
						ProvisioningStyle = Automatic;
					};
				};
			};
			buildConfigurationList = 971395E71DFDC06A0072F961 /* Build configuration list for PBXProject "DreamLister" */;
			compatibilityVersion = "Xcode 3.2";
			developmentRegion = English;
			hasScannedForEncodings = 0;
			knownRegions = (
				en,
				Base,
			);
			mainGroup = 971395E31DFDC06A0072F961;
			productRefGroup = 971395ED1DFDC06A0072F961 /* Products */;
			projectDirPath = "";
			projectRoot = "";
			targets = (
				971395EB1DFDC06A0072F961 /* DreamLister */,
			);
		};
/* End PBXProject section */

/* Begin PBXResourcesBuildPhase section */
		971395EA1DFDC06A0072F961 /* Resources */ = {
			isa = PBXResourcesBuildPhase;
			buildActionMask = 2147483647;
			files = (
				971395FD1DFDC06A0072F961 /* LaunchScreen.storyboard in Resources */,
				971395FA1DFDC06A0072F961 /* Assets.xcassets in Resources */,
				971395F51DFDC06A0072F961 /* Main.storyboard in Resources */,
			);
			runOnlyForDeploymentPostprocessing = 0;
		};
/* End PBXResourcesBuildPhase section */

/* Begin PBXSourcesBuildPhase section */
		971395E81DFDC06A0072F961 /* Sources */ = {
			isa = PBXSourcesBuildPhase;
			buildActionMask = 2147483647;
			files = (
				971395F21DFDC06A0072F961 /* ViewController.swift in Sources */,
				971395F01DFDC06A0072F961 /* AppDelegate.swift in Sources */,
				971395F81DFDC06A0072F961 /* DreamLister.xcdatamodeld in Sources */,
			);
			runOnlyForDeploymentPostprocessing = 0;
		};
/* End PBXSourcesBuildPhase section */

/* Begin PBXVariantGroup section */
		971395F31DFDC06A0072F961 /* Main.storyboard */ = {
			isa = PBXVariantGroup;
			children = (
				971395F41DFDC06A0072F961 /* Base */,
			);
			name = Main.storyboard;
			sourceTree = "<group>";
		};
		971395FB1DFDC06A0072F961 /* LaunchScreen.storyboard */ = {
			isa = PBXVariantGroup;
			children = (
				971395FC1DFDC06A0072F961 /* Base */,
			);
			name = LaunchScreen.storyboard;
			sourceTree = "<group>";
		};
/* End PBXVariantGroup section */

/* Begin XCBuildConfiguration section */
		971395FF1DFDC06A0072F961 /* Debug */ = {
			isa = XCBuildConfiguration;
			buildSettings = {
				ALWAYS_SEARCH_USER_PATHS = NO;
				CLANG_ANALYZER_NONNULL = YES;
				CLANG_CXX_LANGUAGE_STANDARD = "gnu++0x";
				CLANG_CXX_LIBRARY = "libc++";
				CLANG_ENABLE_MODULES = YES;
				CLANG_ENABLE_OBJC_ARC = YES;
				CLANG_WARN_BOOL_CONVERSION = YES;
				CLANG_WARN_CONSTANT_CONVERSION = YES;
				CLANG_WARN_DIRECT_OBJC_ISA_USAGE = YES_ERROR;
				CLANG_WARN_DOCUMENTATION_COMMENTS = YES;
				CLANG_WARN_EMPTY_BODY = YES;
				CLANG_WARN_ENUM_CONVERSION = YES;
				CLANG_WARN_INFINITE_RECURSION = YES;
				CLANG_WARN_INT_CONVERSION = YES;
				CLANG_WARN_OBJC_ROOT_CLASS = YES_ERROR;
				CLANG_WARN_SUSPICIOUS_MOVES = YES;
				CLANG_WARN_UNREACHABLE_CODE = YES;
				CLANG_WARN__DUPLICATE_METHOD_MATCH = YES;
				"CODE_SIGN_IDENTITY[sdk=iphoneos*]" = "iPhone Developer";
				COPY_PHASE_STRIP = NO;
				DEBUG_INFORMATION_FORMAT = dwarf;
				ENABLE_STRICT_OBJC_MSGSEND = YES;
				ENABLE_TESTABILITY = YES;
				GCC_C_LANGUAGE_STANDARD = gnu99;
				GCC_DYNAMIC_NO_PIC = NO;
				GCC_NO_COMMON_BLOCKS = YES;
				GCC_OPTIMIZATION_LEVEL = 0;
				GCC_PREPROCESSOR_DEFINITIONS = (
					"DEBUG=1",
					"$(inherited)",
				);
				GCC_WARN_64_TO_32_BIT_CONVERSION = YES;
				GCC_WARN_ABOUT_RETURN_TYPE = YES_ERROR;
				GCC_WARN_UNDECLARED_SELECTOR = YES;
				GCC_WARN_UNINITIALIZED_AUTOS = YES_AGGRESSIVE;
				GCC_WARN_UNUSED_FUNCTION = YES;
				GCC_WARN_UNUSED_VARIABLE = YES;
				IPHONEOS_DEPLOYMENT_TARGET = 10.1;
				MTL_ENABLE_DEBUG_INFO = YES;
				ONLY_ACTIVE_ARCH = YES;
				SDKROOT = iphoneos;
				SWIFT_ACTIVE_COMPILATION_CONDITIONS = DEBUG;
				SWIFT_OPTIMIZATION_LEVEL = "-Onone";
				TARGETED_DEVICE_FAMILY = "1,2";
			};
			name = Debug;
		};
		971396001DFDC06A0072F961 /* Release */ = {
			isa = XCBuildConfiguration;
			buildSettings = {
				ALWAYS_SEARCH_USER_PATHS = NO;
				CLANG_ANALYZER_NONNULL = YES;
				CLANG_CXX_LANGUAGE_STANDARD = "gnu++0x";
				CLANG_CXX_LIBRARY = "libc++";
				CLANG_ENABLE_MODULES = YES;
				CLANG_ENABLE_OBJC_ARC = YES;
				CLANG_WARN_BOOL_CONVERSION = YES;
				CLANG_WARN_CONSTANT_CONVERSION = YES;
				CLANG_WARN_DIRECT_OBJC_ISA_USAGE = YES_ERROR;
				CLANG_WARN_DOCUMENTATION_COMMENTS = YES;
				CLANG_WARN_EMPTY_BODY = YES;
				CLANG_WARN_ENUM_CONVERSION = YES;
				CLANG_WARN_INFINITE_RECURSION = YES;
				CLANG_WARN_INT_CONVERSION = YES;
				CLANG_WARN_OBJC_ROOT_CLASS = YES_ERROR;
				CLANG_WARN_SUSPICIOUS_MOVES = YES;
				CLANG_WARN_UNREACHABLE_CODE = YES;
				CLANG_WARN__DUPLICATE_METHOD_MATCH = YES;
				"CODE_SIGN_IDENTITY[sdk=iphoneos*]" = "iPhone Developer";
				COPY_PHASE_STRIP = NO;
				DEBUG_INFORMATION_FORMAT = "dwarf-with-dsym";
				ENABLE_NS_ASSERTIONS = NO;
				ENABLE_STRICT_OBJC_MSGSEND = YES;
				GCC_C_LANGUAGE_STANDARD = gnu99;
				GCC_NO_COMMON_BLOCKS = YES;
				GCC_WARN_64_TO_32_BIT_CONVERSION = YES;
				GCC_WARN_ABOUT_RETURN_TYPE = YES_ERROR;
				GCC_WARN_UNDECLARED_SELECTOR = YES;
				GCC_WARN_UNINITIALIZED_AUTOS = YES_AGGRESSIVE;
				GCC_WARN_UNUSED_FUNCTION = YES;
				GCC_WARN_UNUSED_VARIABLE = YES;
				IPHONEOS_DEPLOYMENT_TARGET = 10.1;
				MTL_ENABLE_DEBUG_INFO = NO;
				SDKROOT = iphoneos;
				SWIFT_OPTIMIZATION_LEVEL = "-Owholemodule";
				TARGETED_DEVICE_FAMILY = "1,2";
				VALIDATE_PRODUCT = YES;
			};
			name = Release;
		};
		971396021DFDC06A0072F961 /* Debug */ = {
			isa = XCBuildConfiguration;
			buildSettings = {
				ASSETCATALOG_COMPILER_APPICON_NAME = AppIcon;
				DEVELOPMENT_TEAM = 3868R47FWS;
				INFOPLIST_FILE = DreamLister/Info.plist;
				LD_RUNPATH_SEARCH_PATHS = "$(inherited) @executable_path/Frameworks";
				PRODUCT_BUNDLE_IDENTIFIER = com.ioannisdaratzikis.DreamLister;
				PRODUCT_NAME = "$(TARGET_NAME)";
				SWIFT_VERSION = 3.0;
			};
			name = Debug;
		};
		971396031DFDC06A0072F961 /* Release */ = {
			isa = XCBuildConfiguration;
			buildSettings = {
				ASSETCATALOG_COMPILER_APPICON_NAME = AppIcon;
				DEVELOPMENT_TEAM = 3868R47FWS;
				INFOPLIST_FILE = DreamLister/Info.plist;
				LD_RUNPATH_SEARCH_PATHS = "$(inherited) @executable_path/Frameworks";
				PRODUCT_BUNDLE_IDENTIFIER = com.ioannisdaratzikis.DreamLister;
				PRODUCT_NAME = "$(TARGET_NAME)";
				SWIFT_VERSION = 3.0;
			};
			name = Release;
		};
/* End XCBuildConfiguration section */

/* Begin XCConfigurationList section */
		971395E71DFDC06A0072F961 /* Build configuration list for PBXProject "DreamLister" */ = {
			isa = XCConfigurationList;
			buildConfigurations = (
				971395FF1DFDC06A0072F961 /* Debug */,
				971396001DFDC06A0072F961 /* Release */,
			);
			defaultConfigurationIsVisible = 0;
			defaultConfigurationName = Release;
		};
		971396011DFDC06A0072F961 /* Build configuration list for PBXNativeTarget "DreamLister" */ = {
			isa = XCConfigurationList;
			buildConfigurations = (
				971396021DFDC06A0072F961 /* Debug */,
				971396031DFDC06A0072F961 /* Release */,
			);
			defaultConfigurationIsVisible = 0;
		};
/* End XCConfigurationList section */

/* Begin XCVersionGroup section */
		971395F61DFDC06A0072F961 /* DreamLister.xcdatamodeld */ = {
			isa = XCVersionGroup;
			children = (
				971395F71DFDC06A0072F961 /* DreamLister.xcdatamodel */,
			);
			currentVersion = 971395F71DFDC06A0072F961 /* DreamLister.xcdatamodel */;
			path = DreamLister.xcdatamodeld;
			sourceTree = "<group>";
			versionGroupType = wrapper.xcdatamodel;
		};
/* End XCVersionGroup section */
	};
	rootObject = 971395E41DFDC06A0072F961 /* Project object */;
}
